Microsoft Visual Studio Solution File, Format Version 12.00
# Visual Studio Version 17
VisualStudioVersion = 17.13.35825.156
MinimumVisualStudioVersion = 10.0.40219.1
Project("{2150E333-8FDC-42A3-9474-1A3956D46DE8}") = "Services", "Services", "{02EA681E-C7D8-13C7-8484-4AC65E1B71E8}"
EndProject
Project("{2150E333-8FDC-42A3-9474-1A3956D46DE8}") = "Catalog", "Catalog", "{D02986AE-65FF-409B-B30B-ADF67C78F387}"
EndProject
Project("{FAE04EC0-301F-11D3-BF4B-00C04F79EFBC}") = "Catalog.Api", "Services\Catalog\Catalog.Api\Catalog.Api.csproj", "{A9D61B9A-682E-4F9C-BC59-A16D19CF886C}"
EndProject
Global
	GlobalSection(SolutionConfigurationPlatforms) = preSolution
		Debug|Any CPU = Debug|Any CPU
		Release|Any CPU = Release|Any CPU
	EndGlobalSection
	GlobalSection(ProjectConfigurationPlatforms) = postSolution
		{A9D61B9A-682E-4F9C-BC59-A16D19CF886C}.Debug|Any CPU.ActiveCfg = Debug|Any CPU
		{A9D61B9A-682E-4F9C-BC59-A16D19CF886C}.Debug|Any CPU.Build.0 = Debug|Any CPU
		{A9D61B9A-682E-4F9C-BC59-A16D19CF886C}.Release|Any CPU.ActiveCfg = Release|Any CPU
		{A9D61B9A-682E-4F9C-BC59-A16D19CF886C}.Release|Any CPU.Build.0 = Release|Any CPU
	EndGlobalSection
	GlobalSection(SolutionProperties) = preSolution
		HideSolutionNode = FALSE
	EndGlobalSection
	GlobalSection(NestedProjects) = preSolution
		{D02986AE-65FF-409B-B30B-ADF67C78F387} = {02EA681E-C7D8-13C7-8484-4AC65E1B71E8}
		{A9D61B9A-682E-4F9C-BC59-A16D19CF886C} = {D02986AE-65FF-409B-B30B-ADF67C78F387}
	EndGlobalSection
	GlobalSection(ExtensibilityGlobals) = postSolution
		SolutionGuid = {AEE2D916-1846-4C8F-AABD-5D92944F344B}
	EndGlobalSection
EndGlobal
